
Microsoft Visual Studio Solution File, Format Version 12.00
# Visual Studio Version 17
VisualStudioVersion = 17.3.32929.385
MinimumVisualStudioVersion = 10.0.40219.1
Project("{FAE04EC0-301F-11D3-BF4B-00C04F79EFBC}") = "DogRun", "DogRun.csproj", "{0303B35C-DC76-49C5-BA72-ED1059669610}"
EndProject
Global
	GlobalSection(SolutionConfigurationPlatforms) = preSolution
		Debug|Any CPU = Debug|Any CPU
		Release|Any CPU = Release|Any CPU
	EndGlobalSection
	GlobalSection(ProjectConfigurationPlatforms) = postSolution
		{0303B35C-DC76-49C5-BA72-ED1059669610}.Debug|Any CPU.ActiveCfg = Debug|Any CPU
		{0303B35C-DC76-49C5-BA72-ED1059669610}.Debug|Any CPU.Build.0 = Debug|Any CPU
		{0303B35C-DC76-49C5-BA72-ED1059669610}.Release|Any CPU.ActiveCfg = Release|Any CPU
		{0303B35C-DC76-49C5-BA72-ED1059669610}.Release|Any CPU.Build.0 = Release|Any CPU
	EndGlobalSection
	GlobalSection(SolutionProperties) = preSolution
		HideSolutionNode = FALSE
	EndGlobalSection
	GlobalSection(ExtensibilityGlobals) = postSolution
		SolutionGuid = {031F1FC5-B490-49C1-96C2-03EF3B7B1748}
	EndGlobalSection
EndGlobal
